
Microsoft Visual Studio Solution File, Format Version 12.00
# Visual Studio Version 17
VisualStudioVersion = 17.8.34330.188
MinimumVisualStudioVersion = 10.0.40219.1
Project("{9A19103F-16F7-4668-BE54-9A1E7A4F7556}") = "RoseLine", "RoseLine\RoseLine.csproj", "{3EEFDCF5-39D3-4BD6-889A-9F17427D0DA1}"
EndProject
Project("{9A19103F-16F7-4668-BE54-9A1E7A4F7556}") = "RoseLine.Test", "RoseLine.Test\RoseLine.Test.csproj", "{07537C6D-E6DB-4A17-B277-24072B1DAD80}"
EndProject
Global
	GlobalSection(SolutionConfigurationPlatforms) = preSolution
		Debug|Any CPU = Debug|Any CPU
		Release|Any CPU = Release|Any CPU
	EndGlobalSection
	GlobalSection(ProjectConfigurationPlatforms) = postSolution
		{3EEFDCF5-39D3-4BD6-889A-9F17427D0DA1}.Debug|Any CPU.ActiveCfg = Debug|Any CPU
		{3EEFDCF5-39D3-4BD6-889A-9F17427D0DA1}.Debug|Any CPU.Build.0 = Debug|Any CPU
		{3EEFDCF5-39D3-4BD6-889A-9F17427D0DA1}.Release|Any CPU.ActiveCfg = Release|Any CPU
		{3EEFDCF5-39D3-4BD6-889A-9F17427D0DA1}.Release|Any CPU.Build.0 = Release|Any CPU
		{07537C6D-E6DB-4A17-B277-24072B1DAD80}.Debug|Any CPU.ActiveCfg = Debug|Any CPU
		{07537C6D-E6DB-4A17-B277-24072B1DAD80}.Debug|Any CPU.Build.0 = Debug|Any CPU
		{07537C6D-E6DB-4A17-B277-24072B1DAD80}.Release|Any CPU.ActiveCfg = Release|Any CPU
		{07537C6D-E6DB-4A17-B277-24072B1DAD80}.Release|Any CPU.Build.0 = Release|Any CPU
	EndGlobalSection
	GlobalSection(SolutionProperties) = preSolution
		HideSolutionNode = FALSE
	EndGlobalSection
EndGlobal
